
Microsoft Visual Studio Solution File, Format Version 12.00
# Visual Studio Version 17
VisualStudioVersion = 17.10.34607.79
MinimumVisualStudioVersion = 10.0.40219.1
Project("{FAE04EC0-301F-11D3-BF4B-00C04F79EFBC}") = "WFADelegate_0", "WFADelegate_0\WFADelegate_0.csproj", "{296B5722-2051-4C2F-BE0A-5604F503FD02}"
EndProject
Global
	GlobalSection(SolutionConfigurationPlatforms) = preSolution
		Debug|Any CPU = Debug|Any CPU
		Release|Any CPU = Release|Any CPU
	EndGlobalSection
	GlobalSection(ProjectConfigurationPlatforms) = postSolution
		{296B5722-2051-4C2F-BE0A-5604F503FD02}.Debug|Any CPU.ActiveCfg = Debug|Any CPU
		{296B5722-2051-4C2F-BE0A-5604F503FD02}.Debug|Any CPU.Build.0 = Debug|Any CPU
		{296B5722-2051-4C2F-BE0A-5604F503FD02}.Release|Any CPU.ActiveCfg = Release|Any CPU
		{296B5722-2051-4C2F-BE0A-5604F503FD02}.Release|Any CPU.Build.0 = Release|Any CPU
	EndGlobalSection
	GlobalSection(SolutionProperties) = preSolution
		HideSolutionNode = FALSE
	EndGlobalSection
	GlobalSection(ExtensibilityGlobals) = postSolution
		SolutionGuid = {EFCF78EE-31CE-4174-B76F-96BFE1D883C4}
	EndGlobalSection
EndGlobal
